
Microsoft Visual Studio Solution File, Format Version 12.00
# Visual Studio 15
VisualStudioVersion = 15.0.27703.2047
MinimumVisualStudioVersion = 10.0.40219.1
Project("{8BC9CEB8-8B4A-11D0-8D11-00A0C91BC942}") = "PP01.HelloSDL", "PP01.HelloSDL\PP01.HelloSDL.vcxproj", "{E117BDFF-4111-43EA-B438-57129571D0F2}"
EndProject
Project("{8BC9CEB8-8B4A-11D0-8D11-00A0C91BC942}") = "PP02.BreakUpHelloSDL", "PP02.BreakUpHelloSDL\PP02.BreakUpHelloSDL.vcxproj", "{4FAED5EC-7814-43A0-B999-D2842DA0AF66}"
EndProject
Project("{8BC9CEB8-8B4A-11D0-8D11-00A0C91BC942}") = "PP03.GameClass", "PP03.GameClass\PP03.GameClass.vcxproj", "{614C18FA-A55B-49CF-B091-BCDE81F2972F}"
EndProject
Project("{8BC9CEB8-8B4A-11D0-8D11-00A0C91BC942}") = "PP04.BasicDrawing", "PP04.BasicDrawing\PP04.BasicDrawing.vcxproj", "{22E8EF96-228B-430C-8F06-4EEC04442123}"
EndProject
Project("{8BC9CEB8-8B4A-11D0-8D11-00A0C91BC942}") = "PP05.AnimatingSprite", "PP05.AnimatingSprite\PP05.AnimatingSprite.vcxproj", "{99FC1A8C-16D6-40AC-A405-07274E7AD644}"
EndProject
Project("{8BC9CEB8-8B4A-11D0-8D11-00A0C91BC942}") = "PP06.ImageSprite", "PP06.ImageSprite\PP06.ImageSprite.vcxproj", "{48057DE1-3E73-443B-A039-F8BD93D05E47}"
EndProject
Project("{8BC9CEB8-8B4A-11D0-8D11-00A0C91BC942}") = "PP08.SingletonTM", "PP08.SingletonTM\PP08.SingletonTM.vcxproj", "{75DE06DC-87FB-4846-990A-FFC4AAA793F0}"
EndProject
Project("{8BC9CEB8-8B4A-11D0-8D11-00A0C91BC942}") = "PP07.TextureManager", "PP07.TextureManager\PP07.TextureManager.vcxproj", "{B2EAC125-0FAD-4681-AFF8-FBDB256C2479}"
EndProject
Project("{8BC9CEB8-8B4A-11D0-8D11-00A0C91BC942}") = "와!", "와!\와!.vcxproj", "{93382769-9EE5-4162-A5E0-C75DC5443964}"
EndProject
Project("{8BC9CEB8-8B4A-11D0-8D11-00A0C91BC942}") = "PP09.Inheritance", "PP09.Inheritance\PP09.Inheritance.vcxproj", "{0BAFCC62-C36E-41D9-942F-D7BD01923559}"
EndProject
Project("{8BC9CEB8-8B4A-11D0-8D11-00A0C91BC942}") = "PP10.Polymorphism", "PP10.Polymorphism\PP10.Polymorphism.vcxproj", "{DC218A72-1501-48C4-B6FD-A67549D4635E}"
EndProject
Project("{8BC9CEB8-8B4A-11D0-8D11-00A0C91BC942}") = "과제PP06", "과제PP06\과제PP06.vcxproj", "{AE88250F-F8B1-4C74-8560-0B2040E5E7DE}"
EndProject
Project("{8BC9CEB8-8B4A-11D0-8D11-00A0C91BC942}") = "PP11.AbstractClass", "PP11.AbstractClass\PP11.AbstractClass.vcxproj", "{45BCD6CA-DE0C-44E1-BAFD-B445B86332BC}"
EndProject
Project("{8BC9CEB8-8B4A-11D0-8D11-00A0C91BC942}") = "PP12.Vector2D", "PP12.Vector2D\PP12.Vector2D.vcxproj", "{42448850-1E0A-4057-A822-2029327AC3D3}"
EndProject
Project("{8BC9CEB8-8B4A-11D0-8D11-00A0C91BC942}") = "PP13.KInputHandler", "PP13.KInputHandler\PP13.KInputHandler.vcxproj", "{8358D98E-957F-45C4-9320-B55BBD6D5B53}"
EndProject
Project("{8BC9CEB8-8B4A-11D0-8D11-00A0C91BC942}") = "PP14.MInputHandler", "PP14.MInputHandler\PP14.MInputHandler.vcxproj", "{A9245054-4D0D-4233-8BDA-BC35339D62AA}"
EndProject
Global
	GlobalSection(SolutionConfigurationPlatforms) = preSolution
		Debug|x64 = Debug|x64
		Debug|x86 = Debug|x86
		Release|x64 = Release|x64
		Release|x86 = Release|x86
	EndGlobalSection
	GlobalSection(ProjectConfigurationPlatforms) = postSolution
		{E117BDFF-4111-43EA-B438-57129571D0F2}.Debug|x64.ActiveCfg = Debug|x64
		{E117BDFF-4111-43EA-B438-57129571D0F2}.Debug|x64.Build.0 = Debug|x64
		{E117BDFF-4111-43EA-B438-57129571D0F2}.Debug|x86.ActiveCfg = Debug|Win32
		{E117BDFF-4111-43EA-B438-57129571D0F2}.Debug|x86.Build.0 = Debug|Win32
		{E117BDFF-4111-43EA-B438-57129571D0F2}.Release|x64.ActiveCfg = Release|x64
		{E117BDFF-4111-43EA-B438-57129571D0F2}.Release|x64.Build.0 = Release|x64
		{E117BDFF-4111-43EA-B438-57129571D0F2}.Release|x86.ActiveCfg = Release|Win32
		{E117BDFF-4111-43EA-B438-57129571D0F2}.Release|x86.Build.0 = Release|Win32
		{4FAED5EC-7814-43A0-B999-D2842DA0AF66}.Debug|x64.ActiveCfg = Debug|x64
		{4FAED5EC-7814-43A0-B999-D2842DA0AF66}.Debug|x64.Build.0 = Debug|x64
		{4FAED5EC-7814-43A0-B999-D2842DA0AF66}.Debug|x86.ActiveCfg = Debug|Win32
		{4FAED5EC-7814-43A0-B999-D2842DA0AF66}.Debug|x86.Build.0 = Debug|Win32
		{4FAED5EC-7814-43A0-B999-D2842DA0AF66}.Release|x64.ActiveCfg = Release|x64
		{4FAED5EC-7814-43A0-B999-D2842DA0AF66}.Release|x64.Build.0 = Release|x64
		{4FAED5EC-7814-43A0-B999-D2842DA0AF66}.Release|x86.ActiveCfg = Release|Win32
		{4FAED5EC-7814-43A0-B999-D2842DA0AF66}.Release|x86.Build.0 = Release|Win32
		{614C18FA-A55B-49CF-B091-BCDE81F2972F}.Debug|x64.ActiveCfg = Debug|x64
		{614C18FA-A55B-49CF-B091-BCDE81F2972F}.Debug|x64.Build.0 = Debug|x64
		{614C18FA-A55B-49CF-B091-BCDE81F2972F}.Debug|x86.ActiveCfg = Debug|Win32
		{614C18FA-A55B-49CF-B091-BCDE81F2972F}.Debug|x86.Build.0 = Debug|Win32
		{614C18FA-A55B-49CF-B091-BCDE81F2972F}.Release|x64.ActiveCfg = Release|x64
		{614C18FA-A55B-49CF-B091-BCDE81F2972F}.Release|x64.Build.0 = Release|x64
		{614C18FA-A55B-49CF-B091-BCDE81F2972F}.Release|x86.ActiveCfg = Release|Win32
		{614C18FA-A55B-49CF-B091-BCDE81F2972F}.Release|x86.Build.0 = Release|Win32
		{22E8EF96-228B-430C-8F06-4EEC04442123}.Debug|x64.ActiveCfg = Debug|x64
		{22E8EF96-228B-430C-8F06-4EEC04442123}.Debug|x64.Build.0 = Debug|x64
		{22E8EF96-228B-430C-8F06-4EEC04442123}.Debug|x86.ActiveCfg = Debug|Win32
		{22E8EF96-228B-430C-8F06-4EEC04442123}.Debug|x86.Build.0 = Debug|Win32
		{22E8EF96-228B-430C-8F06-4EEC04442123}.Release|x64.ActiveCfg = Release|x64
		{22E8EF96-228B-430C-8F06-4EEC04442123}.Release|x64.Build.0 = Release|x64
		{22E8EF96-228B-430C-8F06-4EEC04442123}.Release|x86.ActiveCfg = Release|Win32
		{22E8EF96-228B-430C-8F06-4EEC04442123}.Release|x86.Build.0 = Release|Win32
		{99FC1A8C-16D6-40AC-A405-07274E7AD644}.Debug|x64.ActiveCfg = Debug|x64
		{99FC1A8C-16D6-40AC-A405-07274E7AD644}.Debug|x64.Build.0 = Debug|x64
		{99FC1A8C-16D6-40AC-A405-07274E7AD644}.Debug|x86.ActiveCfg = Debug|Win32
		{99FC1A8C-16D6-40AC-A405-07274E7AD644}.Debug|x86.Build.0 = Debug|Win32
		{99FC1A8C-16D6-40AC-A405-07274E7AD644}.Release|x64.ActiveCfg = Release|x64
		{99FC1A8C-16D6-40AC-A405-07274E7AD644}.Release|x64.Build.0 = Release|x64
		{99FC1A8C-16D6-40AC-A405-07274E7AD644}.Release|x86.ActiveCfg = Release|Win32
		{99FC1A8C-16D6-40AC-A405-07274E7AD644}.Release|x86.Build.0 = Release|Win32
		{48057DE1-3E73-443B-A039-F8BD93D05E47}.Debug|x64.ActiveCfg = Debug|x64
		{48057DE1-3E73-443B-A039-F8BD93D05E47}.Debug|x64.Build.0 = Debug|x64
		{48057DE1-3E73-443B-A039-F8BD93D05E47}.Debug|x86.ActiveCfg = Debug|Win32
		{48057DE1-3E73-443B-A039-F8BD93D05E47}.Debug|x86.Build.0 = Debug|Win32
		{48057DE1-3E73-443B-A039-F8BD93D05E47}.Release|x64.ActiveCfg = Release|x64
		{48057DE1-3E73-443B-A039-F8BD93D05E47}.Release|x64.Build.0 = Release|x64
		{48057DE1-3E73-443B-A039-F8BD93D05E47}.Release|x86.ActiveCfg = Release|Win32
		{48057DE1-3E73-443B-A039-F8BD93D05E47}.Release|x86.Build.0 = Release|Win32
		{75DE06DC-87FB-4846-990A-FFC4AAA793F0}.Debug|x64.ActiveCfg = Debug|x64
		{75DE06DC-87FB-4846-990A-FFC4AAA793F0}.Debug|x64.Build.0 = Debug|x64
		{75DE06DC-87FB-4846-990A-FFC4AAA793F0}.Debug|x86.ActiveCfg = Debug|Win32
		{75DE06DC-87FB-4846-990A-FFC4AAA793F0}.Debug|x86.Build.0 = Debug|Win32
		{75DE06DC-87FB-4846-990A-FFC4AAA793F0}.Release|x64.ActiveCfg = Release|x64
		{75DE06DC-87FB-4846-990A-FFC4AAA793F0}.Release|x64.Build.0 = Release|x64
		{75DE06DC-87FB-4846-990A-FFC4AAA793F0}.Release|x86.ActiveCfg = Release|Win32
		{75DE06DC-87FB-4846-990A-FFC4AAA793F0}.Release|x86.Build.0 = Release|Win32
		{B2EAC125-0FAD-4681-AFF8-FBDB256C2479}.Debug|x64.ActiveCfg = Debug|x64
		{B2EAC125-0FAD-4681-AFF8-FBDB256C2479}.Debug|x64.Build.0 = Debug|x64
		{B2EAC125-0FAD-4681-AFF8-FBDB256C2479}.Debug|x86.ActiveCfg = Debug|Win32
		{B2EAC125-0FAD-4681-AFF8-FBDB256C2479}.Debug|x86.Build.0 = Debug|Win32
		{B2EAC125-0FAD-4681-AFF8-FBDB256C2479}.Release|x64.ActiveCfg = Release|x64
		{B2EAC125-0FAD-4681-AFF8-FBDB256C2479}.Release|x64.Build.0 = Release|x64
		{B2EAC125-0FAD-4681-AFF8-FBDB256C2479}.Release|x86.ActiveCfg = Release|Win32
		{B2EAC125-0FAD-4681-AFF8-FBDB256C2479}.Release|x86.Build.0 = Release|Win32
		{93382769-9EE5-4162-A5E0-C75DC5443964}.Debug|x64.ActiveCfg = Debug|x64
		{93382769-9EE5-4162-A5E0-C75DC5443964}.Debug|x64.Build.0 = Debug|x64
		{93382769-9EE5-4162-A5E0-C75DC5443964}.Debug|x86.ActiveCfg = Debug|Win32
		{93382769-9EE5-4162-A5E0-C75DC5443964}.Debug|x86.Build.0 = Debug|Win32
		{93382769-9EE5-4162-A5E0-C75DC5443964}.Release|x64.ActiveCfg = Release|x64
		{93382769-9EE5-4162-A5E0-C75DC5443964}.Release|x64.Build.0 = Release|x64
		{93382769-9EE5-4162-A5E0-C75DC5443964}.Release|x86.ActiveCfg = Release|Win32
		{93382769-9EE5-4162-A5E0-C75DC5443964}.Release|x86.Build.0 = Release|Win32
		{0BAFCC62-C36E-41D9-942F-D7BD01923559}.Debug|x64.ActiveCfg = Debug|x64
		{0BAFCC62-C36E-41D9-942F-D7BD01923559}.Debug|x64.Build.0 = Debug|x64
		{0BAFCC62-C36E-41D9-942F-D7BD01923559}.Debug|x86.ActiveCfg = Debug|Win32
		{0BAFCC62-C36E-41D9-942F-D7BD01923559}.Debug|x86.Build.0 = Debug|Win32
		{0BAFCC62-C36E-41D9-942F-D7BD01923559}.Release|x64.ActiveCfg = Release|x64
		{0BAFCC62-C36E-41D9-942F-D7BD01923559}.Release|x64.Build.0 = Release|x64
		{0BAFCC62-C36E-41D9-942F-D7BD01923559}.Release|x86.ActiveCfg = Release|Win32
		{0BAFCC62-C36E-41D9-942F-D7BD01923559}.Release|x86.Build.0 = Release|Win32
		{DC218A72-1501-48C4-B6FD-A67549D4635E}.Debug|x64.ActiveCfg = Debug|x64
		{DC218A72-1501-48C4-B6FD-A67549D4635E}.Debug|x64.Build.0 = Debug|x64
		{DC218A72-1501-48C4-B6FD-A67549D4635E}.Debug|x86.ActiveCfg = Debug|Win32
		{DC218A72-1501-48C4-B6FD-A67549D4635E}.Debug|x86.Build.0 = Debug|Win32
		{DC218A72-1501-48C4-B6FD-A67549D4635E}.Release|x64.ActiveCfg = Release|x64
		{DC218A72-1501-48C4-B6FD-A67549D4635E}.Release|x64.Build.0 = Release|x64
		{DC218A72-1501-48C4-B6FD-A67549D4635E}.Release|x86.ActiveCfg = Release|Win32
		{DC218A72-1501-48C4-B6FD-A67549D4635E}.Release|x86.Build.0 = Release|Win32
		{AE88250F-F8B1-4C74-8560-0B2040E5E7DE}.Debug|x64.ActiveCfg = Debug|x64
		{AE88250F-F8B1-4C74-8560-0B2040E5E7DE}.Debug|x64.Build.0 = Debug|x64
		{AE88250F-F8B1-4C74-8560-0B2040E5E7DE}.Debug|x86.ActiveCfg = Debug|Win32
		{AE88250F-F8B1-4C74-8560-0B2040E5E7DE}.Debug|x86.Build.0 = Debug|Win32
		{AE88250F-F8B1-4C74-8560-0B2040E5E7DE}.Release|x64.ActiveCfg = Release|x64
		{AE88250F-F8B1-4C74-8560-0B2040E5E7DE}.Release|x64.Build.0 = Release|x64
		{AE88250F-F8B1-4C74-8560-0B2040E5E7DE}.Release|x86.ActiveCfg = Release|Win32
		{AE88250F-F8B1-4C74-8560-0B2040E5E7DE}.Release|x86.Build.0 = Release|Win32
		{45BCD6CA-DE0C-44E1-BAFD-B445B86332BC}.Debug|x64.ActiveCfg = Debug|x64
		{45BCD6CA-DE0C-44E1-BAFD-B445B86332BC}.Debug|x64.Build.0 = Debug|x64
		{45BCD6CA-DE0C-44E1-BAFD-B445B86332BC}.Debug|x86.ActiveCfg = Debug|Win32
		{45BCD6CA-DE0C-44E1-BAFD-B445B86332BC}.Debug|x86.Build.0 = Debug|Win32
		{45BCD6CA-DE0C-44E1-BAFD-B445B86332BC}.Release|x64.ActiveCfg = Release|x64
		{45BCD6CA-DE0C-44E1-BAFD-B445B86332BC}.Release|x64.Build.0 = Release|x64
		{45BCD6CA-DE0C-44E1-BAFD-B445B86332BC}.Release|x86.ActiveCfg = Release|Win32
		{45BCD6CA-DE0C-44E1-BAFD-B445B86332BC}.Release|x86.Build.0 = Release|Win32
		{42448850-1E0A-4057-A822-2029327AC3D3}.Debug|x64.ActiveCfg = Debug|x64
		{42448850-1E0A-4057-A822-2029327AC3D3}.Debug|x64.Build.0 = Debug|x64
		{42448850-1E0A-4057-A822-2029327AC3D3}.Debug|x86.ActiveCfg = Debug|Win32
		{42448850-1E0A-4057-A822-2029327AC3D3}.Debug|x86.Build.0 = Debug|Win32
		{42448850-1E0A-4057-A822-2029327AC3D3}.Release|x64.ActiveCfg = Release|x64
		{42448850-1E0A-4057-A822-2029327AC3D3}.Release|x64.Build.0 = Release|x64
		{42448850-1E0A-4057-A822-2029327AC3D3}.Release|x86.ActiveCfg = Release|Win32
		{42448850-1E0A-4057-A822-2029327AC3D3}.Release|x86.Build.0 = Release|Win32
		{8358D98E-957F-45C4-9320-B55BBD6D5B53}.Debug|x64.ActiveCfg = Debug|x64
		{8358D98E-957F-45C4-9320-B55BBD6D5B53}.Debug|x64.Build.0 = Debug|x64
		{8358D98E-957F-45C4-9320-B55BBD6D5B53}.Debug|x86.ActiveCfg = Debug|Win32
		{8358D98E-957F-45C4-9320-B55BBD6D5B53}.Debug|x86.Build.0 = Debug|Win32
		{8358D98E-957F-45C4-9320-B55BBD6D5B53}.Release|x64.ActiveCfg = Release|x64
		{8358D98E-957F-45C4-9320-B55BBD6D5B53}.Release|x64.Build.0 = Release|x64
		{8358D98E-957F-45C4-9320-B55BBD6D5B53}.Release|x86.ActiveCfg = Release|Win32
		{8358D98E-957F-45C4-9320-B55BBD6D5B53}.Release|x86.Build.0 = Release|Win32
		{A9245054-4D0D-4233-8BDA-BC35339D62AA}.Debug|x64.ActiveCfg = Debug|x64
		{A9245054-4D0D-4233-8BDA-BC35339D62AA}.Debug|x64.Build.0 = Debug|x64
		{A9245054-4D0D-4233-8BDA-BC35339D62AA}.Debug|x86.ActiveCfg = Debug|Win32
		{A9245054-4D0D-4233-8BDA-BC35339D62AA}.Debug|x86.Build.0 = Debug|Win32
		{A9245054-4D0D-4233-8BDA-BC35339D62AA}.Release|x64.ActiveCfg = Release|x64
		{A9245054-4D0D-4233-8BDA-BC35339D62AA}.Release|x64.Build.0 = Release|x64
		{A9245054-4D0D-4233-8BDA-BC35339D62AA}.Release|x86.ActiveCfg = Release|Win32
		{A9245054-4D0D-4233-8BDA-BC35339D62AA}.Release|x86.Build.0 = Release|Win32
	EndGlobalSection
	GlobalSection(SolutionProperties) = preSolution
		HideSolutionNode = FALSE
	EndGlobalSection
	GlobalSection(ExtensibilityGlobals) = postSolution
		SolutionGuid = {D17F5DA7-F141-40F4-A96A-9C3F31795118}
	EndGlobalSection
EndGlobal
