
Microsoft Visual Studio Solution File, Format Version 12.00
# Visual Studio 15
VisualStudioVersion = 15.0.27703.2047
MinimumVisualStudioVersion = 10.0.40219.1
Project("{8BC9CEB8-8B4A-11D0-8D11-00A0C91BC942}") = "PP01.HelloSDL", "PP01.HelloSDL\PP01.HelloSDL.vcxproj", "{E117BDFF-4111-43EA-B438-57129571D0F2}"
EndProject
Project("{8BC9CEB8-8B4A-11D0-8D11-00A0C91BC942}") = "PP02.BreakUpHelloSDL", "PP02.BreakUpHelloSDL\PP02.BreakUpHelloSDL.vcxproj", "{4FAED5EC-7814-43A0-B999-D2842DA0AF66}"
EndProject
Project("{8BC9CEB8-8B4A-11D0-8D11-00A0C91BC942}") = "PP03.GameClass", "PP03.GameClass\PP03.GameClass.vcxproj", "{614C18FA-A55B-49CF-B091-BCDE81F2972F}"
EndProject
Project("{8BC9CEB8-8B4A-11D0-8D11-00A0C91BC942}") = "PP04.BasicDrawing", "PP04.BasicDrawing\PP04.BasicDrawing.vcxproj", "{22E8EF96-228B-430C-8F06-4EEC04442123}"
EndProject
Project("{8BC9CEB8-8B4A-11D0-8D11-00A0C91BC942}") = "PP05.AnimatingSprite", "PP05.AnimatingSprite\PP05.AnimatingSprite.vcxproj", "{99FC1A8C-16D6-40AC-A405-07274E7AD644}"
EndProject
Project("{8BC9CEB8-8B4A-11D0-8D11-00A0C91BC942}") = "PP06.ImageSprite", "PP06.ImageSprite\PP06.ImageSprite.vcxproj", "{48057DE1-3E73-443B-A039-F8BD93D05E47}"
EndProject
Project("{8BC9CEB8-8B4A-11D0-8D11-00A0C91BC942}") = "MyProject1", "MyProject1\MyProject1.vcxproj", "{A2FF5179-493D-4D7E-B888-776377F2A252}"
EndProject
Project("{8BC9CEB8-8B4A-11D0-8D11-00A0C91BC942}") = "MyProject2", "MyProject2\MyProject2.vcxproj", "{2A5054E5-2C66-48DF-8293-09C1CEBE5F9C}"
EndProject
Project("{8BC9CEB8-8B4A-11D0-8D11-00A0C91BC942}") = "PP08.SingletonTM", "PP08.SingletonTM\PP08.SingletonTM.vcxproj", "{75DE06DC-87FB-4846-990A-FFC4AAA793F0}"
EndProject
Project("{8BC9CEB8-8B4A-11D0-8D11-00A0C91BC942}") = "PP07.TextureManager", "PP07.TextureManager\PP07.TextureManager.vcxproj", "{B2EAC125-0FAD-4681-AFF8-FBDB256C2479}"
EndProject
Project("{8BC9CEB8-8B4A-11D0-8D11-00A0C91BC942}") = "와!", "와!\와!.vcxproj", "{93382769-9EE5-4162-A5E0-C75DC5443964}"
EndProject
Global
	GlobalSection(SolutionConfigurationPlatforms) = preSolution
		Debug|x64 = Debug|x64
		Debug|x86 = Debug|x86
		Release|x64 = Release|x64
		Release|x86 = Release|x86
	EndGlobalSection
	GlobalSection(ProjectConfigurationPlatforms) = postSolution
		{E117BDFF-4111-43EA-B438-57129571D0F2}.Debug|x64.ActiveCfg = Debug|x64
		{E117BDFF-4111-43EA-B438-57129571D0F2}.Debug|x64.Build.0 = Debug|x64
		{E117BDFF-4111-43EA-B438-57129571D0F2}.Debug|x86.ActiveCfg = Debug|Win32
		{E117BDFF-4111-43EA-B438-57129571D0F2}.Debug|x86.Build.0 = Debug|Win32
		{E117BDFF-4111-43EA-B438-57129571D0F2}.Release|x64.ActiveCfg = Release|x64
		{E117BDFF-4111-43EA-B438-57129571D0F2}.Release|x64.Build.0 = Release|x64
		{E117BDFF-4111-43EA-B438-57129571D0F2}.Release|x86.ActiveCfg = Release|Win32
		{E117BDFF-4111-43EA-B438-57129571D0F2}.Release|x86.Build.0 = Release|Win32
		{4FAED5EC-7814-43A0-B999-D2842DA0AF66}.Debug|x64.ActiveCfg = Debug|x64
		{4FAED5EC-7814-43A0-B999-D2842DA0AF66}.Debug|x64.Build.0 = Debug|x64
		{4FAED5EC-7814-43A0-B999-D2842DA0AF66}.Debug|x86.ActiveCfg = Debug|Win32
		{4FAED5EC-7814-43A0-B999-D2842DA0AF66}.Debug|x86.Build.0 = Debug|Win32
		{4FAED5EC-7814-43A0-B999-D2842DA0AF66}.Release|x64.ActiveCfg = Release|x64
		{4FAED5EC-7814-43A0-B999-D2842DA0AF66}.Release|x64.Build.0 = Release|x64
		{4FAED5EC-7814-43A0-B999-D2842DA0AF66}.Release|x86.ActiveCfg = Release|Win32
		{4FAED5EC-7814-43A0-B999-D2842DA0AF66}.Release|x86.Build.0 = Release|Win32
		{614C18FA-A55B-49CF-B091-BCDE81F2972F}.Debug|x64.ActiveCfg = Debug|x64
		{614C18FA-A55B-49CF-B091-BCDE81F2972F}.Debug|x64.Build.0 = Debug|x64
		{614C18FA-A55B-49CF-B091-BCDE81F2972F}.Debug|x86.ActiveCfg = Debug|Win32
		{614C18FA-A55B-49CF-B091-BCDE81F2972F}.Debug|x86.Build.0 = Debug|Win32
		{614C18FA-A55B-49CF-B091-BCDE81F2972F}.Release|x64.ActiveCfg = Release|x64
		{614C18FA-A55B-49CF-B091-BCDE81F2972F}.Release|x64.Build.0 = Release|x64
		{614C18FA-A55B-49CF-B091-BCDE81F2972F}.Release|x86.ActiveCfg = Release|Win32
		{614C18FA-A55B-49CF-B091-BCDE81F2972F}.Release|x86.Build.0 = Release|Win32
		{22E8EF96-228B-430C-8F06-4EEC04442123}.Debug|x64.ActiveCfg = Debug|x64
		{22E8EF96-228B-430C-8F06-4EEC04442123}.Debug|x64.Build.0 = Debug|x64
		{22E8EF96-228B-430C-8F06-4EEC04442123}.Debug|x86.ActiveCfg = Debug|Win32
		{22E8EF96-228B-430C-8F06-4EEC04442123}.Debug|x86.Build.0 = Debug|Win32
		{22E8EF96-228B-430C-8F06-4EEC04442123}.Release|x64.ActiveCfg = Release|x64
		{22E8EF96-228B-430C-8F06-4EEC04442123}.Release|x64.Build.0 = Release|x64
		{22E8EF96-228B-430C-8F06-4EEC04442123}.Release|x86.ActiveCfg = Release|Win32
		{22E8EF96-228B-430C-8F06-4EEC04442123}.Release|x86.Build.0 = Release|Win32
		{99FC1A8C-16D6-40AC-A405-07274E7AD644}.Debug|x64.ActiveCfg = Debug|x64
		{99FC1A8C-16D6-40AC-A405-07274E7AD644}.Debug|x64.Build.0 = Debug|x64
		{99FC1A8C-16D6-40AC-A405-07274E7AD644}.Debug|x86.ActiveCfg = Debug|Win32
		{99FC1A8C-16D6-40AC-A405-07274E7AD644}.Debug|x86.Build.0 = Debug|Win32
		{99FC1A8C-16D6-40AC-A405-07274E7AD644}.Release|x64.ActiveCfg = Release|x64
		{99FC1A8C-16D6-40AC-A405-07274E7AD644}.Release|x64.Build.0 = Release|x64
		{99FC1A8C-16D6-40AC-A405-07274E7AD644}.Release|x86.ActiveCfg = Release|Win32
		{99FC1A8C-16D6-40AC-A405-07274E7AD644}.Release|x86.Build.0 = Release|Win32
		{48057DE1-3E73-443B-A039-F8BD93D05E47}.Debug|x64.ActiveCfg = Debug|x64
		{48057DE1-3E73-443B-A039-F8BD93D05E47}.Debug|x64.Build.0 = Debug|x64
		{48057DE1-3E73-443B-A039-F8BD93D05E47}.Debug|x86.ActiveCfg = Debug|Win32
		{48057DE1-3E73-443B-A039-F8BD93D05E47}.Debug|x86.Build.0 = Debug|Win32
		{48057DE1-3E73-443B-A039-F8BD93D05E47}.Release|x64.ActiveCfg = Release|x64
		{48057DE1-3E73-443B-A039-F8BD93D05E47}.Release|x64.Build.0 = Release|x64
		{48057DE1-3E73-443B-A039-F8BD93D05E47}.Release|x86.ActiveCfg = Release|Win32
		{48057DE1-3E73-443B-A039-F8BD93D05E47}.Release|x86.Build.0 = Release|Win32
		{A2FF5179-493D-4D7E-B888-776377F2A252}.Debug|x64.ActiveCfg = Debug|x64
		{A2FF5179-493D-4D7E-B888-776377F2A252}.Debug|x64.Build.0 = Debug|x64
		{A2FF5179-493D-4D7E-B888-776377F2A252}.Debug|x86.ActiveCfg = Debug|Win32
		{A2FF5179-493D-4D7E-B888-776377F2A252}.Debug|x86.Build.0 = Debug|Win32
		{A2FF5179-493D-4D7E-B888-776377F2A252}.Release|x64.ActiveCfg = Release|x64
		{A2FF5179-493D-4D7E-B888-776377F2A252}.Release|x64.Build.0 = Release|x64
		{A2FF5179-493D-4D7E-B888-776377F2A252}.Release|x86.ActiveCfg = Release|Win32
		{A2FF5179-493D-4D7E-B888-776377F2A252}.Release|x86.Build.0 = Release|Win32
		{2A5054E5-2C66-48DF-8293-09C1CEBE5F9C}.Debug|x64.ActiveCfg = Debug|x64
		{2A5054E5-2C66-48DF-8293-09C1CEBE5F9C}.Debug|x64.Build.0 = Debug|x64
		{2A5054E5-2C66-48DF-8293-09C1CEBE5F9C}.Debug|x86.ActiveCfg = Debug|Win32
		{2A5054E5-2C66-48DF-8293-09C1CEBE5F9C}.Debug|x86.Build.0 = Debug|Win32
		{2A5054E5-2C66-48DF-8293-09C1CEBE5F9C}.Release|x64.ActiveCfg = Release|x64
		{2A5054E5-2C66-48DF-8293-09C1CEBE5F9C}.Release|x64.Build.0 = Release|x64
		{2A5054E5-2C66-48DF-8293-09C1CEBE5F9C}.Release|x86.ActiveCfg = Release|Win32
		{2A5054E5-2C66-48DF-8293-09C1CEBE5F9C}.Release|x86.Build.0 = Release|Win32
		{75DE06DC-87FB-4846-990A-FFC4AAA793F0}.Debug|x64.ActiveCfg = Debug|x64
		{75DE06DC-87FB-4846-990A-FFC4AAA793F0}.Debug|x64.Build.0 = Debug|x64
		{75DE06DC-87FB-4846-990A-FFC4AAA793F0}.Debug|x86.ActiveCfg = Debug|Win32
		{75DE06DC-87FB-4846-990A-FFC4AAA793F0}.Debug|x86.Build.0 = Debug|Win32
		{75DE06DC-87FB-4846-990A-FFC4AAA793F0}.Release|x64.ActiveCfg = Release|x64
		{75DE06DC-87FB-4846-990A-FFC4AAA793F0}.Release|x64.Build.0 = Release|x64
		{75DE06DC-87FB-4846-990A-FFC4AAA793F0}.Release|x86.ActiveCfg = Release|Win32
		{75DE06DC-87FB-4846-990A-FFC4AAA793F0}.Release|x86.Build.0 = Release|Win32
		{B2EAC125-0FAD-4681-AFF8-FBDB256C2479}.Debug|x64.ActiveCfg = Debug|x64
		{B2EAC125-0FAD-4681-AFF8-FBDB256C2479}.Debug|x64.Build.0 = Debug|x64
		{B2EAC125-0FAD-4681-AFF8-FBDB256C2479}.Debug|x86.ActiveCfg = Debug|Win32
		{B2EAC125-0FAD-4681-AFF8-FBDB256C2479}.Debug|x86.Build.0 = Debug|Win32
		{B2EAC125-0FAD-4681-AFF8-FBDB256C2479}.Release|x64.ActiveCfg = Release|x64
		{B2EAC125-0FAD-4681-AFF8-FBDB256C2479}.Release|x64.Build.0 = Release|x64
		{B2EAC125-0FAD-4681-AFF8-FBDB256C2479}.Release|x86.ActiveCfg = Release|Win32
		{B2EAC125-0FAD-4681-AFF8-FBDB256C2479}.Release|x86.Build.0 = Release|Win32
		{93382769-9EE5-4162-A5E0-C75DC5443964}.Debug|x64.ActiveCfg = Debug|x64
		{93382769-9EE5-4162-A5E0-C75DC5443964}.Debug|x64.Build.0 = Debug|x64
		{93382769-9EE5-4162-A5E0-C75DC5443964}.Debug|x86.ActiveCfg = Debug|Win32
		{93382769-9EE5-4162-A5E0-C75DC5443964}.Debug|x86.Build.0 = Debug|Win32
		{93382769-9EE5-4162-A5E0-C75DC5443964}.Release|x64.ActiveCfg = Release|x64
		{93382769-9EE5-4162-A5E0-C75DC5443964}.Release|x64.Build.0 = Release|x64
		{93382769-9EE5-4162-A5E0-C75DC5443964}.Release|x86.ActiveCfg = Release|Win32
		{93382769-9EE5-4162-A5E0-C75DC5443964}.Release|x86.Build.0 = Release|Win32
	EndGlobalSection
	GlobalSection(SolutionProperties) = preSolution
		HideSolutionNode = FALSE
	EndGlobalSection
	GlobalSection(ExtensibilityGlobals) = postSolution
		SolutionGuid = {D17F5DA7-F141-40F4-A96A-9C3F31795118}
	EndGlobalSection
EndGlobal
